
Microsoft Visual Studio Solution File, Format Version 12.00
# Visual Studio Version 17
VisualStudioVersion = 17.3.32901.215
MinimumVisualStudioVersion = 10.0.40219.1
Project("{FAE04EC0-301F-11D3-BF4B-00C04F79EFBC}") = "SimpleAnimalQuizGame", "SimpleAnimalQuizGame\SimpleAnimalQuizGame.csproj", "{F8C088E5-9584-4D5A-867B-B966B7389169}"
EndProject
Global
	GlobalSection(SolutionConfigurationPlatforms) = preSolution
		Debug|Any CPU = Debug|Any CPU
		Release|Any CPU = Release|Any CPU
	EndGlobalSection
	GlobalSection(ProjectConfigurationPlatforms) = postSolution
		{F8C088E5-9584-4D5A-867B-B966B7389169}.Debug|Any CPU.ActiveCfg = Debug|Any CPU
		{F8C088E5-9584-4D5A-867B-B966B7389169}.Debug|Any CPU.Build.0 = Debug|Any CPU
		{F8C088E5-9584-4D5A-867B-B966B7389169}.Release|Any CPU.ActiveCfg = Release|Any CPU
		{F8C088E5-9584-4D5A-867B-B966B7389169}.Release|Any CPU.Build.0 = Release|Any CPU
	EndGlobalSection
	GlobalSection(SolutionProperties) = preSolution
		HideSolutionNode = FALSE
	EndGlobalSection
	GlobalSection(ExtensibilityGlobals) = postSolution
		SolutionGuid = {C66F7B9F-9197-4BDE-8573-299DD8AEDE43}
	EndGlobalSection
EndGlobal
